
Microsoft Visual Studio Solution File, Format Version 12.00
# Visual Studio Version 17
VisualStudioVersion = 17.13.35825.156 d17.13
MinimumVisualStudioVersion = 10.0.40219.1
Project("{FAE04EC0-301F-11D3-BF4B-00C04F79EFBC}") = "ESSMobile", "ESSMobile\ESSMobile.csproj", "{940B31B4-018A-4714-B3F7-F09BA699CFCF}"
EndProject
Global
	GlobalSection(SolutionConfigurationPlatforms) = preSolution
		Debug|Any CPU = Debug|Any CPU
		Release|Any CPU = Release|Any CPU
	EndGlobalSection
	GlobalSection(ProjectConfigurationPlatforms) = postSolution
		{940B31B4-018A-4714-B3F7-F09BA699CFCF}.Debug|Any CPU.ActiveCfg = Debug|Any CPU
		{940B31B4-018A-4714-B3F7-F09BA699CFCF}.Debug|Any CPU.Build.0 = Debug|Any CPU
		{940B31B4-018A-4714-B3F7-F09BA699CFCF}.Debug|Any CPU.Deploy.0 = Debug|Any CPU
		{940B31B4-018A-4714-B3F7-F09BA699CFCF}.Release|Any CPU.ActiveCfg = Release|Any CPU
		{940B31B4-018A-4714-B3F7-F09BA699CFCF}.Release|Any CPU.Build.0 = Release|Any CPU
		{940B31B4-018A-4714-B3F7-F09BA699CFCF}.Release|Any CPU.Deploy.0 = Release|Any CPU
	EndGlobalSection
	GlobalSection(SolutionProperties) = preSolution
		HideSolutionNode = FALSE
	EndGlobalSection
	GlobalSection(ExtensibilityGlobals) = postSolution
		SolutionGuid = {0F05CC69-9A67-478A-B887-DC173919A2EE}
	EndGlobalSection
EndGlobal
